
Microsoft Visual Studio Solution File, Format Version 12.00
# Visual Studio Version 16
VisualStudioVersion = 16.0.29519.181
MinimumVisualStudioVersion = 10.0.40219.1
Project("{FAE04EC0-301F-11D3-BF4B-00C04F79EFBC}") = "RestaurantIsolaApp", "RestaurantIsolaApp.csproj", "{C466F968-8D68-4DB2-81AB-BD526867F1A7}"
EndProject
Global
	GlobalSection(SolutionConfigurationPlatforms) = preSolution
		Debug|Any CPU = Debug|Any CPU
		Release|Any CPU = Release|Any CPU
	EndGlobalSection
	GlobalSection(ProjectConfigurationPlatforms) = postSolution
		{C466F968-8D68-4DB2-81AB-BD526867F1A7}.Debug|Any CPU.ActiveCfg = Debug|Any CPU
		{C466F968-8D68-4DB2-81AB-BD526867F1A7}.Debug|Any CPU.Build.0 = Debug|Any CPU
		{C466F968-8D68-4DB2-81AB-BD526867F1A7}.Release|Any CPU.ActiveCfg = Release|Any CPU
		{C466F968-8D68-4DB2-81AB-BD526867F1A7}.Release|Any CPU.Build.0 = Release|Any CPU
	EndGlobalSection
	GlobalSection(SolutionProperties) = preSolution
		HideSolutionNode = FALSE
	EndGlobalSection
	GlobalSection(ExtensibilityGlobals) = postSolution
		SolutionGuid = {E47F0879-75F7-4385-B421-A5B4678CB92B}
	EndGlobalSection
EndGlobal
